Microsoft Visual Studio Solution File, Format Version 12.00
# Visual Studio Version 17
VisualStudioVersion = 17.5.2.0
MinimumVisualStudioVersion = 10.0.40219.1
Project("{FAE04EC0-301F-11D3-BF4B-00C04F79EFBC}") = "FurryBackend", "FurryBackend\FurryBackend.csproj", "{77DC21D5-0166-457E-934E-1865C74EA040}"
EndProject
Project("{FAE04EC0-301F-11D3-BF4B-00C04F79EFBC}") = "FurryBackend.Tests", "FurryBackend.Tests\FurryBackend.Tests.csproj", "{3428C2D8-821E-4D5A-B856-5547C974D98C}"
EndProject
Global
	GlobalSection(SolutionConfigurationPlatforms) = preSolution
		Debug|Any CPU = Debug|Any CPU
		Release|Any CPU = Release|Any CPU
	EndGlobalSection
	GlobalSection(ProjectConfigurationPlatforms) = postSolution
		{2CEB9CFD-7304-50A2-70FF-B4C7334EF35F}.Debug|Any CPU.ActiveCfg = Debug|Any CPU
		{2CEB9CFD-7304-50A2-70FF-B4C7334EF35F}.Debug|Any CPU.Build.0 = Debug|Any CPU
		{2CEB9CFD-7304-50A2-70FF-B4C7334EF35F}.Release|Any CPU.ActiveCfg = Release|Any CPU
		{2CEB9CFD-7304-50A2-70FF-B4C7334EF35F}.Release|Any CPU.Build.0 = Release|Any CPU
		{77DC21D5-0166-457E-934E-1865C74EA040}.Debug|Any CPU.ActiveCfg = Debug|Any CPU
		{77DC21D5-0166-457E-934E-1865C74EA040}.Debug|Any CPU.Build.0 = Debug|Any CPU
		{77DC21D5-0166-457E-934E-1865C74EA040}.Release|Any CPU.ActiveCfg = Release|Any CPU
		{77DC21D5-0166-457E-934E-1865C74EA040}.Release|Any CPU.Build.0 = Release|Any CPU
		{3428C2D8-821E-4D5A-B856-5547C974D98C}.Debug|Any CPU.ActiveCfg = Debug|Any CPU
		{3428C2D8-821E-4D5A-B856-5547C974D98C}.Debug|Any CPU.Build.0 = Debug|Any CPU
		{3428C2D8-821E-4D5A-B856-5547C974D98C}.Release|Any CPU.ActiveCfg = Release|Any CPU
		{3428C2D8-821E-4D5A-B856-5547C974D98C}.Release|Any CPU.Build.0 = Release|Any CPU
	EndGlobalSection
	GlobalSection(SolutionProperties) = preSolution
		HideSolutionNode = FALSE
	EndGlobalSection
	GlobalSection(ExtensibilityGlobals) = postSolution
		SolutionGuid = {35CD1055-F3DE-4A3F-A0C0-1BE2D28BB0A2}
	EndGlobalSection
EndGlobal
